
Microsoft Visual Studio Solution File, Format Version 12.00
# Visual Studio Version 16
VisualStudioVersion = 16.0.31019.35
MinimumVisualStudioVersion = 10.0.40219.1
Project("{FAE04EC0-301F-11D3-BF4B-00C04F79EFBC}") = "3DS_CivilSurveySuite", "3DS_CivilSurveySuite\3DS_CivilSurveySuite.csproj", "{DF0B7D55-F2D8-43C1-941B-E71BE2FE2FE7}"
EndProject
Project("{FAE04EC0-301F-11D3-BF4B-00C04F79EFBC}") = "3DS_CivilSurveySuiteTests", "3DS_CivilSurveySuiteTests\3DS_CivilSurveySuiteTests.csproj", "{B4B4DEEB-D614-4CEF-8E4C-C29543BC5C03}"
EndProject
Project("{FAE04EC0-301F-11D3-BF4B-00C04F79EFBC}") = "3DS_CivilSurveySuite.Model", "3DS_CivilSurveySuite.Model\3DS_CivilSurveySuite.Model.csproj", "{E6A561F5-2C4A-4CAD-B150-C11A1E58B0F1}"
EndProject
Project("{FAE04EC0-301F-11D3-BF4B-00C04F79EFBC}") = "3DS_CivilSurveySuite_C3DBase21", "3DS_CivilSurveySuite_C3DBase21\3DS_CivilSurveySuite_C3DBase21.csproj", "{81274DFB-9C83-43D7-AC13-FE57A813D8A6}"
EndProject
Project("{FAE04EC0-301F-11D3-BF4B-00C04F79EFBC}") = "3DS_CivilSurveySuite_ACADBase21", "3DS_CivilSurveySuite_ACADBase21\3DS_CivilSurveySuite_ACADBase21.csproj", "{61765096-A4F2-43DA-A640-4E0D1EF8118B}"
EndProject
Project("{FAE04EC0-301F-11D3-BF4B-00C04F79EFBC}") = "3DS_CivilSurveySuite.Core", "3DS_CivilSurveySuite.Core\3DS_CivilSurveySuite.Core.csproj", "{09C298C6-4485-4911-8AF1-2CD14CC99090}"
EndProject
Project("{FAE04EC0-301F-11D3-BF4B-00C04F79EFBC}") = "3DS_CivilSurveySuite.UI", "3DS_CivilSurveySuite.UI\3DS_CivilSurveySuite.UI.csproj", "{0431E86D-1A04-4F76-8AFC-193F84FA7965}"
EndProject
Global
	GlobalSection(SolutionConfigurationPlatforms) = preSolution
		Debug|Any CPU = Debug|Any CPU
		Release|Any CPU = Release|Any CPU
	EndGlobalSection
	GlobalSection(ProjectConfigurationPlatforms) = postSolution
		{DF0B7D55-F2D8-43C1-941B-E71BE2FE2FE7}.Debug|Any CPU.ActiveCfg = Debug|Any CPU
		{DF0B7D55-F2D8-43C1-941B-E71BE2FE2FE7}.Debug|Any CPU.Build.0 = Debug|Any CPU
		{DF0B7D55-F2D8-43C1-941B-E71BE2FE2FE7}.Release|Any CPU.ActiveCfg = Release|Any CPU
		{DF0B7D55-F2D8-43C1-941B-E71BE2FE2FE7}.Release|Any CPU.Build.0 = Release|Any CPU
		{B4B4DEEB-D614-4CEF-8E4C-C29543BC5C03}.Debug|Any CPU.ActiveCfg = Debug|Any CPU
		{B4B4DEEB-D614-4CEF-8E4C-C29543BC5C03}.Debug|Any CPU.Build.0 = Debug|Any CPU
		{B4B4DEEB-D614-4CEF-8E4C-C29543BC5C03}.Release|Any CPU.ActiveCfg = Release|Any CPU
		{B4B4DEEB-D614-4CEF-8E4C-C29543BC5C03}.Release|Any CPU.Build.0 = Release|Any CPU
		{E6A561F5-2C4A-4CAD-B150-C11A1E58B0F1}.Debug|Any CPU.ActiveCfg = Debug|Any CPU
		{E6A561F5-2C4A-4CAD-B150-C11A1E58B0F1}.Debug|Any CPU.Build.0 = Debug|Any CPU
		{E6A561F5-2C4A-4CAD-B150-C11A1E58B0F1}.Release|Any CPU.ActiveCfg = Release|Any CPU
		{E6A561F5-2C4A-4CAD-B150-C11A1E58B0F1}.Release|Any CPU.Build.0 = Release|Any CPU
		{81274DFB-9C83-43D7-AC13-FE57A813D8A6}.Debug|Any CPU.ActiveCfg = Debug|Any CPU
		{81274DFB-9C83-43D7-AC13-FE57A813D8A6}.Debug|Any CPU.Build.0 = Debug|Any CPU
		{81274DFB-9C83-43D7-AC13-FE57A813D8A6}.Release|Any CPU.ActiveCfg = Release|Any CPU
		{81274DFB-9C83-43D7-AC13-FE57A813D8A6}.Release|Any CPU.Build.0 = Release|Any CPU
		{61765096-A4F2-43DA-A640-4E0D1EF8118B}.Debug|Any CPU.ActiveCfg = Debug|Any CPU
		{61765096-A4F2-43DA-A640-4E0D1EF8118B}.Debug|Any CPU.Build.0 = Debug|Any CPU
		{61765096-A4F2-43DA-A640-4E0D1EF8118B}.Release|Any CPU.ActiveCfg = Release|Any CPU
		{61765096-A4F2-43DA-A640-4E0D1EF8118B}.Release|Any CPU.Build.0 = Release|Any CPU
		{09C298C6-4485-4911-8AF1-2CD14CC99090}.Debug|Any CPU.ActiveCfg = Debug|Any CPU
		{09C298C6-4485-4911-8AF1-2CD14CC99090}.Debug|Any CPU.Build.0 = Debug|Any CPU
		{09C298C6-4485-4911-8AF1-2CD14CC99090}.Release|Any CPU.ActiveCfg = Release|Any CPU
		{09C298C6-4485-4911-8AF1-2CD14CC99090}.Release|Any CPU.Build.0 = Release|Any CPU
		{0431E86D-1A04-4F76-8AFC-193F84FA7965}.Debug|Any CPU.ActiveCfg = Debug|Any CPU
		{0431E86D-1A04-4F76-8AFC-193F84FA7965}.Debug|Any CPU.Build.0 = Debug|Any CPU
		{0431E86D-1A04-4F76-8AFC-193F84FA7965}.Release|Any CPU.ActiveCfg = Release|Any CPU
		{0431E86D-1A04-4F76-8AFC-193F84FA7965}.Release|Any CPU.Build.0 = Release|Any CPU
	EndGlobalSection
	GlobalSection(SolutionProperties) = preSolution
		HideSolutionNode = FALSE
	EndGlobalSection
	GlobalSection(ExtensibilityGlobals) = postSolution
		SolutionGuid = {21AB6BAD-3251-4144-BB53-3E90D73A8B2D}
	EndGlobalSection
EndGlobal
