
Microsoft Visual Studio Solution File, Format Version 12.00
# Visual Studio Version 17
VisualStudioVersion = 17.0.32112.339
MinimumVisualStudioVersion = 10.0.40219.1
Project("{2150E333-8FDC-42A3-9474-1A3956D46DE8}") = "src", "src", "{2F79AD13-E23E-4E4F-A65C-CFBAC783FEB9}"
EndProject
Project("{2150E333-8FDC-42A3-9474-1A3956D46DE8}") = "tests", "tests", "{B1A198AD-4A45-44E0-8703-49161569622A}"
EndProject
Project("{FAE04EC0-301F-11D3-BF4B-00C04F79EFBC}") = "3DS_CivilSurveySuite", "src\3DS_CivilSurveySuite\3DS_CivilSurveySuite.csproj", "{DF0B7D55-F2D8-43C1-941B-E71BE2FE2FE7}"
EndProject
Project("{FAE04EC0-301F-11D3-BF4B-00C04F79EFBC}") = "3DS_CivilSurveySuite.ACAD", "src\3DS_CivilSurveySuite.ACAD\3DS_CivilSurveySuite.ACAD.csproj", "{27174B74-79D3-4579-8AAE-D4EAECB04B3C}"
EndProject
Project("{FAE04EC0-301F-11D3-BF4B-00C04F79EFBC}") = "3DS_CivilSurveySuite.CIVIL", "src\3DS_CivilSurveySuite.CIVIL\3DS_CivilSurveySuite.CIVIL.csproj", "{6996AD26-737E-4A36-999B-FF6C051C1B2A}"
EndProject
Project("{FAE04EC0-301F-11D3-BF4B-00C04F79EFBC}") = "3DS_CivilSurveySuite.UI", "src\3DS_CivilSurveySuite.UI\3DS_CivilSurveySuite.UI.csproj", "{0431E86D-1A04-4F76-8AFC-193F84FA7965}"
EndProject
Project("{9A19103F-16F7-4668-BE54-9A1E7A4F7556}") = "3DS_CivilSurveySuiteTests", "tests\3DS_CivilSurveySuiteTests\3DS_CivilSurveySuiteTests.csproj", "{A0E46C63-19D0-4E09-9D67-0E81AE344B5E}"
EndProject
Project("{9A19103F-16F7-4668-BE54-9A1E7A4F7556}") = "3DS_CivilSurveySuiteAcadCoreTests", "tests\3DS_CivilSurveySuiteAcadCoreTests\3DS_CivilSurveySuiteAcadCoreTests.csproj", "{784168B4-94E9-40E4-807E-BC1FAA1B81A2}"
EndProject
Project("{FAE04EC0-301F-11D3-BF4B-00C04F79EFBC}") = "AroFloApi", "src\AroFloApi\AroFloApi\AroFloApi.csproj", "{75B56ED2-46DF-49B9-AEA7-5F355AC52DFE}"
EndProject
Project("{FAE04EC0-301F-11D3-BF4B-00C04F79EFBC}") = "3DS_CivilSurveySuiteAroFloTests", "tests\3DS_CivilSurveySuiteAroFloTests\3DS_CivilSurveySuiteAroFloTests\3DS_CivilSurveySuiteAroFloTests.csproj", "{9433C624-7243-41C2-AF67-71E6248E5DCF}"
EndProject
Project("{FAE04EC0-301F-11D3-BF4B-00C04F79EFBC}") = "3DS_CivilSurveySuite.Shared", "src\3DS_CivilSurveySuite.Shared\3DS_CivilSurveySuite.Shared.csproj", "{0A9643C4-A65B-4D1C-820A-BEC5A3B1A8F7}"
EndProject
Global
	GlobalSection(SolutionConfigurationPlatforms) = preSolution
		Debug 2023|Any CPU = Debug 2023|Any CPU
		Debug|Any CPU = Debug|Any CPU
		Release|Any CPU = Release|Any CPU
	EndGlobalSection
	GlobalSection(ProjectConfigurationPlatforms) = postSolution
		{DF0B7D55-F2D8-43C1-941B-E71BE2FE2FE7}.Debug 2023|Any CPU.ActiveCfg = Debug 2023|Any CPU
		{DF0B7D55-F2D8-43C1-941B-E71BE2FE2FE7}.Debug 2023|Any CPU.Build.0 = Debug 2023|Any CPU
		{DF0B7D55-F2D8-43C1-941B-E71BE2FE2FE7}.Debug|Any CPU.ActiveCfg = Debug|Any CPU
		{DF0B7D55-F2D8-43C1-941B-E71BE2FE2FE7}.Debug|Any CPU.Build.0 = Debug|Any CPU
		{DF0B7D55-F2D8-43C1-941B-E71BE2FE2FE7}.Release|Any CPU.ActiveCfg = Release|Any CPU
		{DF0B7D55-F2D8-43C1-941B-E71BE2FE2FE7}.Release|Any CPU.Build.0 = Release|Any CPU
		{27174B74-79D3-4579-8AAE-D4EAECB04B3C}.Debug 2023|Any CPU.ActiveCfg = Debug 2023|Any CPU
		{27174B74-79D3-4579-8AAE-D4EAECB04B3C}.Debug 2023|Any CPU.Build.0 = Debug 2023|Any CPU
		{27174B74-79D3-4579-8AAE-D4EAECB04B3C}.Debug|Any CPU.ActiveCfg = Debug|Any CPU
		{27174B74-79D3-4579-8AAE-D4EAECB04B3C}.Debug|Any CPU.Build.0 = Debug|Any CPU
		{27174B74-79D3-4579-8AAE-D4EAECB04B3C}.Release|Any CPU.ActiveCfg = Release|Any CPU
		{27174B74-79D3-4579-8AAE-D4EAECB04B3C}.Release|Any CPU.Build.0 = Release|Any CPU
		{6996AD26-737E-4A36-999B-FF6C051C1B2A}.Debug 2023|Any CPU.ActiveCfg = Debug 2023|Any CPU
		{6996AD26-737E-4A36-999B-FF6C051C1B2A}.Debug 2023|Any CPU.Build.0 = Debug 2023|Any CPU
		{6996AD26-737E-4A36-999B-FF6C051C1B2A}.Debug|Any CPU.ActiveCfg = Debug|Any CPU
		{6996AD26-737E-4A36-999B-FF6C051C1B2A}.Debug|Any CPU.Build.0 = Debug|Any CPU
		{6996AD26-737E-4A36-999B-FF6C051C1B2A}.Release|Any CPU.ActiveCfg = Release|Any CPU
		{6996AD26-737E-4A36-999B-FF6C051C1B2A}.Release|Any CPU.Build.0 = Release|Any CPU
		{0431E86D-1A04-4F76-8AFC-193F84FA7965}.Debug 2023|Any CPU.ActiveCfg = Debug 2023|Any CPU
		{0431E86D-1A04-4F76-8AFC-193F84FA7965}.Debug 2023|Any CPU.Build.0 = Debug 2023|Any CPU
		{0431E86D-1A04-4F76-8AFC-193F84FA7965}.Debug|Any CPU.ActiveCfg = Debug|Any CPU
		{0431E86D-1A04-4F76-8AFC-193F84FA7965}.Debug|Any CPU.Build.0 = Debug|Any CPU
		{0431E86D-1A04-4F76-8AFC-193F84FA7965}.Release|Any CPU.ActiveCfg = Release|Any CPU
		{0431E86D-1A04-4F76-8AFC-193F84FA7965}.Release|Any CPU.Build.0 = Release|Any CPU
		{A0E46C63-19D0-4E09-9D67-0E81AE344B5E}.Debug 2023|Any CPU.ActiveCfg = Debug 2023|Any CPU
		{A0E46C63-19D0-4E09-9D67-0E81AE344B5E}.Debug 2023|Any CPU.Build.0 = Debug 2023|Any CPU
		{A0E46C63-19D0-4E09-9D67-0E81AE344B5E}.Debug|Any CPU.ActiveCfg = Debug|Any CPU
		{A0E46C63-19D0-4E09-9D67-0E81AE344B5E}.Debug|Any CPU.Build.0 = Debug|Any CPU
		{A0E46C63-19D0-4E09-9D67-0E81AE344B5E}.Release|Any CPU.ActiveCfg = Release|Any CPU
		{A0E46C63-19D0-4E09-9D67-0E81AE344B5E}.Release|Any CPU.Build.0 = Release|Any CPU
		{784168B4-94E9-40E4-807E-BC1FAA1B81A2}.Debug 2023|Any CPU.ActiveCfg = Debug 2023|Any CPU
		{784168B4-94E9-40E4-807E-BC1FAA1B81A2}.Debug 2023|Any CPU.Build.0 = Debug 2023|Any CPU
		{784168B4-94E9-40E4-807E-BC1FAA1B81A2}.Debug|Any CPU.ActiveCfg = Debug|Any CPU
		{784168B4-94E9-40E4-807E-BC1FAA1B81A2}.Debug|Any CPU.Build.0 = Debug|Any CPU
		{784168B4-94E9-40E4-807E-BC1FAA1B81A2}.Release|Any CPU.ActiveCfg = Release|Any CPU
		{784168B4-94E9-40E4-807E-BC1FAA1B81A2}.Release|Any CPU.Build.0 = Release|Any CPU
		{75B56ED2-46DF-49B9-AEA7-5F355AC52DFE}.Debug 2023|Any CPU.ActiveCfg = Debug 2023|Any CPU
		{75B56ED2-46DF-49B9-AEA7-5F355AC52DFE}.Debug 2023|Any CPU.Build.0 = Debug 2023|Any CPU
		{75B56ED2-46DF-49B9-AEA7-5F355AC52DFE}.Debug|Any CPU.ActiveCfg = Debug|Any CPU
		{75B56ED2-46DF-49B9-AEA7-5F355AC52DFE}.Debug|Any CPU.Build.0 = Debug|Any CPU
		{75B56ED2-46DF-49B9-AEA7-5F355AC52DFE}.Release|Any CPU.ActiveCfg = Release|Any CPU
		{75B56ED2-46DF-49B9-AEA7-5F355AC52DFE}.Release|Any CPU.Build.0 = Release|Any CPU
		{9433C624-7243-41C2-AF67-71E6248E5DCF}.Debug 2023|Any CPU.ActiveCfg = Debug 2023|Any CPU
		{9433C624-7243-41C2-AF67-71E6248E5DCF}.Debug 2023|Any CPU.Build.0 = Debug 2023|Any CPU
		{9433C624-7243-41C2-AF67-71E6248E5DCF}.Debug|Any CPU.ActiveCfg = Debug|Any CPU
		{9433C624-7243-41C2-AF67-71E6248E5DCF}.Debug|Any CPU.Build.0 = Debug|Any CPU
		{9433C624-7243-41C2-AF67-71E6248E5DCF}.Release|Any CPU.ActiveCfg = Release|Any CPU
		{9433C624-7243-41C2-AF67-71E6248E5DCF}.Release|Any CPU.Build.0 = Release|Any CPU
		{0A9643C4-A65B-4D1C-820A-BEC5A3B1A8F7}.Debug 2023|Any CPU.ActiveCfg = Debug 2023|Any CPU
		{0A9643C4-A65B-4D1C-820A-BEC5A3B1A8F7}.Debug 2023|Any CPU.Build.0 = Debug 2023|Any CPU
		{0A9643C4-A65B-4D1C-820A-BEC5A3B1A8F7}.Debug|Any CPU.ActiveCfg = Debug|Any CPU
		{0A9643C4-A65B-4D1C-820A-BEC5A3B1A8F7}.Debug|Any CPU.Build.0 = Debug|Any CPU
		{0A9643C4-A65B-4D1C-820A-BEC5A3B1A8F7}.Release|Any CPU.ActiveCfg = Release|Any CPU
		{0A9643C4-A65B-4D1C-820A-BEC5A3B1A8F7}.Release|Any CPU.Build.0 = Release|Any CPU
	EndGlobalSection
	GlobalSection(SolutionProperties) = preSolution
		HideSolutionNode = FALSE
	EndGlobalSection
	GlobalSection(NestedProjects) = preSolution
		{DF0B7D55-F2D8-43C1-941B-E71BE2FE2FE7} = {2F79AD13-E23E-4E4F-A65C-CFBAC783FEB9}
		{27174B74-79D3-4579-8AAE-D4EAECB04B3C} = {2F79AD13-E23E-4E4F-A65C-CFBAC783FEB9}
		{6996AD26-737E-4A36-999B-FF6C051C1B2A} = {2F79AD13-E23E-4E4F-A65C-CFBAC783FEB9}
		{0431E86D-1A04-4F76-8AFC-193F84FA7965} = {2F79AD13-E23E-4E4F-A65C-CFBAC783FEB9}
		{A0E46C63-19D0-4E09-9D67-0E81AE344B5E} = {B1A198AD-4A45-44E0-8703-49161569622A}
		{784168B4-94E9-40E4-807E-BC1FAA1B81A2} = {B1A198AD-4A45-44E0-8703-49161569622A}
		{75B56ED2-46DF-49B9-AEA7-5F355AC52DFE} = {2F79AD13-E23E-4E4F-A65C-CFBAC783FEB9}
		{9433C624-7243-41C2-AF67-71E6248E5DCF} = {B1A198AD-4A45-44E0-8703-49161569622A}
		{0A9643C4-A65B-4D1C-820A-BEC5A3B1A8F7} = {2F79AD13-E23E-4E4F-A65C-CFBAC783FEB9}
	EndGlobalSection
	GlobalSection(ExtensibilityGlobals) = postSolution
		SolutionGuid = {21AB6BAD-3251-4144-BB53-3E90D73A8B2D}
	EndGlobalSection
EndGlobal
